
Microsoft Visual Studio Solution File, Format Version 12.00
# Visual Studio Version 16
VisualStudioVersion = 16.0.31910.168
MinimumVisualStudioVersion = 10.0.40219.1
Project("{FAE04EC0-301F-11D3-BF4B-00C04F79EFBC}") = "Store", "Store\Store.csproj", "{6AC0070B-C1A7-40DC-846F-645D8EBC7C0B}"
EndProject
Project("{FAE04EC0-301F-11D3-BF4B-00C04F79EFBC}") = "Common", "Common\Common.csproj", "{93FA690F-D26C-480A-A05F-2743ACED7D6A}"
EndProject
Project("{FAE04EC0-301F-11D3-BF4B-00C04F79EFBC}") = "Entities", "Entities\Entities.csproj", "{AFFE9E90-174D-4C01-B548-97A042FFF266}"
EndProject
Project("{FAE04EC0-301F-11D3-BF4B-00C04F79EFBC}") = "DataLayer", "DataLayer\DataLayer.csproj", "{05C0D33E-95D8-43C5-8637-51DBA14243CA}"
EndProject
Project("{FAE04EC0-301F-11D3-BF4B-00C04F79EFBC}") = "Services", "Services\Services.csproj", "{6066033A-B274-4D39-9B7D-7BB8BEC29B0B}"
EndProject
Global
	GlobalSection(SolutionConfigurationPlatforms) = preSolution
		Debug|Any CPU = Debug|Any CPU
		Release|Any CPU = Release|Any CPU
	EndGlobalSection
	GlobalSection(ProjectConfigurationPlatforms) = postSolution
		{6AC0070B-C1A7-40DC-846F-645D8EBC7C0B}.Debug|Any CPU.ActiveCfg = Debug|Any CPU
		{6AC0070B-C1A7-40DC-846F-645D8EBC7C0B}.Debug|Any CPU.Build.0 = Debug|Any CPU
		{6AC0070B-C1A7-40DC-846F-645D8EBC7C0B}.Release|Any CPU.ActiveCfg = Release|Any CPU
		{6AC0070B-C1A7-40DC-846F-645D8EBC7C0B}.Release|Any CPU.Build.0 = Release|Any CPU
		{93FA690F-D26C-480A-A05F-2743ACED7D6A}.Debug|Any CPU.ActiveCfg = Debug|Any CPU
		{93FA690F-D26C-480A-A05F-2743ACED7D6A}.Debug|Any CPU.Build.0 = Debug|Any CPU
		{93FA690F-D26C-480A-A05F-2743ACED7D6A}.Release|Any CPU.ActiveCfg = Release|Any CPU
		{93FA690F-D26C-480A-A05F-2743ACED7D6A}.Release|Any CPU.Build.0 = Release|Any CPU
		{AFFE9E90-174D-4C01-B548-97A042FFF266}.Debug|Any CPU.ActiveCfg = Debug|Any CPU
		{AFFE9E90-174D-4C01-B548-97A042FFF266}.Debug|Any CPU.Build.0 = Debug|Any CPU
		{AFFE9E90-174D-4C01-B548-97A042FFF266}.Release|Any CPU.ActiveCfg = Release|Any CPU
		{AFFE9E90-174D-4C01-B548-97A042FFF266}.Release|Any CPU.Build.0 = Release|Any CPU
		{05C0D33E-95D8-43C5-8637-51DBA14243CA}.Debug|Any CPU.ActiveCfg = Debug|Any CPU
		{05C0D33E-95D8-43C5-8637-51DBA14243CA}.Debug|Any CPU.Build.0 = Debug|Any CPU
		{05C0D33E-95D8-43C5-8637-51DBA14243CA}.Release|Any CPU.ActiveCfg = Release|Any CPU
		{05C0D33E-95D8-43C5-8637-51DBA14243CA}.Release|Any CPU.Build.0 = Release|Any CPU
		{6066033A-B274-4D39-9B7D-7BB8BEC29B0B}.Debug|Any CPU.ActiveCfg = Debug|Any CPU
		{6066033A-B274-4D39-9B7D-7BB8BEC29B0B}.Debug|Any CPU.Build.0 = Debug|Any CPU
		{6066033A-B274-4D39-9B7D-7BB8BEC29B0B}.Release|Any CPU.ActiveCfg = Release|Any CPU
		{6066033A-B274-4D39-9B7D-7BB8BEC29B0B}.Release|Any CPU.Build.0 = Release|Any CPU
	EndGlobalSection
	GlobalSection(SolutionProperties) = preSolution
		HideSolutionNode = FALSE
	EndGlobalSection
	GlobalSection(ExtensibilityGlobals) = postSolution
		SolutionGuid = {2FCACD10-FBEB-407E-BCEB-E334A71C836A}
	EndGlobalSection
EndGlobal
